
Microsoft Visual Studio Solution File, Format Version 12.00
# Visual Studio 15
VisualStudioVersion = 15.0.27428.1
MinimumVisualStudioVersion = 10.0.40219.1
Project("{E24C65DC-7377-472B-9ABA-BC803B73C61A}") = "MyFirstChallenge", "MyFirstChallenge\", "{FB791E71-4550-458A-9591-58AA17E5606D}"
	ProjectSection(WebsiteProperties) = preProject
		TargetFrameworkMoniker = ".NETFramework,Version%3Dv4.6.1"
		Debug.AspNetCompiler.VirtualPath = "/localhost_56575"
		Debug.AspNetCompiler.PhysicalPath = "MyFirstChallenge\"
		Debug.AspNetCompiler.TargetPath = "PrecompiledWeb\localhost_56575\"
		Debug.AspNetCompiler.Updateable = "true"
		Debug.AspNetCompiler.ForceOverwrite = "true"
		Debug.AspNetCompiler.FixedNames = "false"
		Debug.AspNetCompiler.Debug = "True"
		Release.AspNetCompiler.VirtualPath = "/localhost_56575"
		Release.AspNetCompiler.PhysicalPath = "MyFirstChallenge\"
		Release.AspNetCompiler.TargetPath = "PrecompiledWeb\localhost_56575\"
		Release.AspNetCompiler.Updateable = "true"
		Release.AspNetCompiler.ForceOverwrite = "true"
		Release.AspNetCompiler.FixedNames = "false"
		Release.AspNetCompiler.Debug = "False"
		VWDPort = "56575"
		SlnRelativePath = "MyFirstChallenge\"
		DefaultWebSiteLanguage = "Visual C#"
	EndProjectSection
EndProject
Global
	GlobalSection(SolutionConfigurationPlatforms) = preSolution
		Debug|Any CPU = Debug|Any CPU
	EndGlobalSection
	GlobalSection(ProjectConfigurationPlatforms) = postSolution
		{FB791E71-4550-458A-9591-58AA17E5606D}.Debug|Any CPU.ActiveCfg = Debug|Any CPU
		{FB791E71-4550-458A-9591-58AA17E5606D}.Debug|Any CPU.Build.0 = Debug|Any CPU
	EndGlobalSection
	GlobalSection(SolutionProperties) = preSolution
		HideSolutionNode = FALSE
	EndGlobalSection
	GlobalSection(ExtensibilityGlobals) = postSolution
		SolutionGuid = {B7DBD2AB-4B70-41EE-9328-5EA44511B40A}
	EndGlobalSection
EndGlobal
